// !$*UTF8*$!
{
	archiveVersion = 1;
	classes = {
	};
	objectVersion = 56;
	objects = {

/* Begin PBXBuildFile section */
		6A013C8B2A08E6EF00DF2FF4 /* SnapKit in Frameworks */ = {isa = PBXBuildFile; productRef = 6A013C8A2A08E6EF00DF2FF4 /* SnapKit */; };
		6A04FE8A2A20CD5100FADEC8 /* SnapfitUserInformationViewController.swift in Sources */ = {isa = PBXBuildFile; fileRef = 6A04FE892A20CD5100FADEC8 /* SnapfitUserInformationViewController.swift */; };
		6A04FE8C2A20E73F00FADEC8 /* ProfilePhotographerViewController.swift in Sources */ = {isa = PBXBuildFile; fileRef = 6A04FE8B2A20E73F00FADEC8 /* ProfilePhotographerViewController.swift */; };
		6A0E39B32A10CD4200DC531A /* ChattingListViewController.swift in Sources */ = {isa = PBXBuildFile; fileRef = 6A0E39B12A10CD4200DC531A /* ChattingListViewController.swift */; };
		6A0E39B42A10CD4200DC531A /* ChattingListTableViewCell.swift in Sources */ = {isa = PBXBuildFile; fileRef = 6A0E39B22A10CD4200DC531A /* ChattingListTableViewCell.swift */; };
		6A0E39B82A10CD4A00DC531A /* BorderedTableViewCell.swift in Sources */ = {isa = PBXBuildFile; fileRef = 6A0E39B62A10CD4A00DC531A /* BorderedTableViewCell.swift */; };
		6A0E39B92A10CD4A00DC531A /* FavoriteListViewController.swift in Sources */ = {isa = PBXBuildFile; fileRef = 6A0E39B72A10CD4A00DC531A /* FavoriteListViewController.swift */; };
		6A1CFD332A0D1C29006971AE /* Preview.swift in Sources */ = {isa = PBXBuildFile; fileRef = 6A1CFD322A0D1C29006971AE /* Preview.swift */; };
		6A4566BD2A13534C00AE5F62 /* MypagePhotographerViewController.swift in Sources */ = {isa = PBXBuildFile; fileRef = 6A4566BC2A13534C00AE5F62 /* MypagePhotographerViewController.swift */; };
		6A4CFC112A1893FA00CE5308 /* SnapfitTextView.swift in Sources */ = {isa = PBXBuildFile; fileRef = 6A4CFC102A1893FA00CE5308 /* SnapfitTextView.swift */; };
		6AA54F862A2436B8001E9D2C /* ReservatinDetailViewController.swift in Sources */ = {isa = PBXBuildFile; fileRef = 6AA54F852A2436B8001E9D2C /* ReservatinDetailViewController.swift */; };
		6AA612AE2A176BE200C49095 /* UserGalleryCollectionViewController.swift in Sources */ = {isa = PBXBuildFile; fileRef = 6AA612AD2A176BE200C49095 /* UserGalleryCollectionViewController.swift */; };
		6AA612B02A17C48B00C49095 /* ReviewCollectionViewController.swift in Sources */ = {isa = PBXBuildFile; fileRef = 6AA612AF2A17C48B00C49095 /* ReviewCollectionViewController.swift */; };
		C70C48952A301A560052019B /* PhotographerListTableViewCell.swift in Sources */ = {isa = PBXBuildFile; fileRef = C70C48942A301A560052019B /* PhotographerListTableViewCell.swift */; };
		C70C48972A301B9F0052019B /* PhotographerCollectionViewCell.swift in Sources */ = {isa = PBXBuildFile; fileRef = C70C48962A301B9F0052019B /* PhotographerCollectionViewCell.swift */; };
		C71730EE2A17427900155D09 /* ReservationViewController.swift in Sources */ = {isa = PBXBuildFile; fileRef = C71730ED2A17427900155D09 /* ReservationViewController.swift */; };
		C71730F02A17C6C300155D09 /* UITabBar+.swift in Sources */ = {isa = PBXBuildFile; fileRef = C71730EF2A17C6C300155D09 /* UITabBar+.swift */; };
		C71730F22A17C6EB00155D09 /* CALayer+.swift in Sources */ = {isa = PBXBuildFile; fileRef = C71730F12A17C6EB00155D09 /* CALayer+.swift */; };
		C74499E42A1EDBFE00C21AD4 /* HomeNavigationTableViewCell.swift in Sources */ = {isa = PBXBuildFile; fileRef = C74499E32A1EDBFE00C21AD4 /* HomeNavigationTableViewCell.swift */; };
		C74499E72A1EEBC400C21AD4 /* NotificationViewController.swift in Sources */ = {isa = PBXBuildFile; fileRef = C74499E62A1EEBC400C21AD4 /* NotificationViewController.swift */; };
		C74499E92A1EEF8600C21AD4 /* HomeReservationDetailTableViewCell.swift in Sources */ = {isa = PBXBuildFile; fileRef = C74499E82A1EEF8600C21AD4 /* HomeReservationDetailTableViewCell.swift */; };
		C74499EB2A1FA36C00C21AD4 /* HomeSearchBarTableViewCell.swift in Sources */ = {isa = PBXBuildFile; fileRef = C74499EA2A1FA36C00C21AD4 /* HomeSearchBarTableViewCell.swift */; };
		C74499ED2A1FA84700C21AD4 /* SnapfitSearchTextField.swift in Sources */ = {isa = PBXBuildFile; fileRef = C74499EC2A1FA84700C21AD4 /* SnapfitSearchTextField.swift */; };
		C74499EF2A1FAD1300C21AD4 /* HomeCategoryTagTableViewCell.swift in Sources */ = {isa = PBXBuildFile; fileRef = C74499EE2A1FAD1300C21AD4 /* HomeCategoryTagTableViewCell.swift */; };
		C74499F12A1FAEDD00C21AD4 /* TagCollectionViewCell.swift in Sources */ = {isa = PBXBuildFile; fileRef = C74499F02A1FAEDD00C21AD4 /* TagCollectionViewCell.swift */; };
		C744AD5F2A1A75F700D30F14 /* SnapfitNavigationView.swift in Sources */ = {isa = PBXBuildFile; fileRef = C744AD5E2A1A75F700D30F14 /* SnapfitNavigationView.swift */; };
		C744AD612A1A81C000D30F14 /* SnapfitSearchBarButton.swift in Sources */ = {isa = PBXBuildFile; fileRef = C744AD602A1A81C000D30F14 /* SnapfitSearchBarButton.swift */; };
		C766F1582A1097AF009BC30E /* BaseViewController.swift in Sources */ = {isa = PBXBuildFile; fileRef = C766F1572A1097AF009BC30E /* BaseViewController.swift */; };
		C766F15B2A109806009BC30E /* SnapfitActivityIndicatorView.swift in Sources */ = {isa = PBXBuildFile; fileRef = C766F15A2A109806009BC30E /* SnapfitActivityIndicatorView.swift */; };
		C766F15D2A1098D3009BC30E /* UIViewController+.swift in Sources */ = {isa = PBXBuildFile; fileRef = C766F15C2A1098D3009BC30E /* UIViewController+.swift */; };
		C766F1602A109AAB009BC30E /* ClassName.swift in Sources */ = {isa = PBXBuildFile; fileRef = C766F15F2A109AAB009BC30E /* ClassName.swift */; };
		C766F1622A109C06009BC30E /* BaseNavigationController.swift in Sources */ = {isa = PBXBuildFile; fileRef = C766F1612A109C06009BC30E /* BaseNavigationController.swift */; };
		C766F1642A10A171009BC30E /* Message.swift in Sources */ = {isa = PBXBuildFile; fileRef = C766F1632A10A171009BC30E /* Message.swift */; };
		C766F1682A10A1C8009BC30E /* UILabel+.swift in Sources */ = {isa = PBXBuildFile; fileRef = C766F1672A10A1C8009BC30E /* UILabel+.swift */; };
		C766F16A2A10A200009BC30E /* UICollectionView+.swift in Sources */ = {isa = PBXBuildFile; fileRef = C766F1692A10A200009BC30E /* UICollectionView+.swift */; };
		C766F16C2A10A232009BC30E /* UITableView+.swift in Sources */ = {isa = PBXBuildFile; fileRef = C766F16B2A10A232009BC30E /* UITableView+.swift */; };
		C766F16E2A10A25A009BC30E /* UITextField.swift in Sources */ = {isa = PBXBuildFile; fileRef = C766F16D2A10A25A009BC30E /* UITextField.swift */; };
		C766F1702A10A27A009BC30E /* UIView+.swift in Sources */ = {isa = PBXBuildFile; fileRef = C766F16F2A10A27A009BC30E /* UIView+.swift */; };
		C766F1722A10A2B3009BC30E /* UIButton+.swift in Sources */ = {isa = PBXBuildFile; fileRef = C766F1712A10A2B2009BC30E /* UIButton+.swift */; };
		C766F1742A10A3B6009BC30E /* String+.swift in Sources */ = {isa = PBXBuildFile; fileRef = C766F1732A10A3B6009BC30E /* String+.swift */; };
		C766F1762A10A3FB009BC30E /* ImageCacheManager.swift in Sources */ = {isa = PBXBuildFile; fileRef = C766F1752A10A3FB009BC30E /* ImageCacheManager.swift */; };
		C766F1782A10A41C009BC30E /* UserDefaults+.swift in Sources */ = {isa = PBXBuildFile; fileRef = C766F1772A10A41C009BC30E /* UserDefaults+.swift */; };
		C766F17A2A10A43F009BC30E /* UIStackView+.swift in Sources */ = {isa = PBXBuildFile; fileRef = C766F1792A10A43F009BC30E /* UIStackView+.swift */; };
		C766F17C2A10A455009BC30E /* UIImageView+.swift in Sources */ = {isa = PBXBuildFile; fileRef = C766F17B2A10A455009BC30E /* UIImageView+.swift */; };
		C766F17E2A10A47B009BC30E /* Notification+Name+.swift in Sources */ = {isa = PBXBuildFile; fileRef = C766F17D2A10A47B009BC30E /* Notification+Name+.swift */; };
		C766F1802A10A49C009BC30E /* UIImage+.swift in Sources */ = {isa = PBXBuildFile; fileRef = C766F17F2A10A49C009BC30E /* UIImage+.swift */; };
		C766F1822A10A4E3009BC30E /* UINavigationController.swift in Sources */ = {isa = PBXBuildFile; fileRef = C766F1812A10A4E3009BC30E /* UINavigationController.swift */; };
		C766F1842A10A507009BC30E /* UserDefaultsManager.swift in Sources */ = {isa = PBXBuildFile; fileRef = C766F1832A10A507009BC30E /* UserDefaultsManager.swift */; };
		C77784782A003B1000B4AB8D /* AppDelegate.swift in Sources */ = {isa = PBXBuildFile; fileRef = C77784772A003B1000B4AB8D /* AppDelegate.swift */; };
		C777847A2A003B1000B4AB8D /* SceneDelegate.swift in Sources */ = {isa = PBXBuildFile; fileRef = C77784792A003B1000B4AB8D /* SceneDelegate.swift */; };
		C777847C2A003B1000B4AB8D /* HomeViewController.swift in Sources */ = {isa = PBXBuildFile; fileRef = C777847B2A003B1000B4AB8D /* HomeViewController.swift */; };
		C77784812A003B1100B4AB8D /* Assets.xcassets in Resources */ = {isa = PBXBuildFile; fileRef = C77784802A003B1100B4AB8D /* Assets.xcassets */; };
		C77784842A003B1100B4AB8D /* LaunchScreen.storyboard in Resources */ = {isa = PBXBuildFile; fileRef = C77784822A003B1100B4AB8D /* LaunchScreen.storyboard */; };
		C79720242A12334B006A3BE8 /* SnapfitTabBarController.swift in Sources */ = {isa = PBXBuildFile; fileRef = C79720232A12334B006A3BE8 /* SnapfitTabBarController.swift */; };
		C798F8232A2B65A000886D0E /* HomePhotoByCategoryTableViewCell.swift in Sources */ = {isa = PBXBuildFile; fileRef = C798F8222A2B65A000886D0E /* HomePhotoByCategoryTableViewCell.swift */; };
		C798F8252A2B661200886D0E /* VerticalPhotoCollectionViewCell.swift in Sources */ = {isa = PBXBuildFile; fileRef = C798F8242A2B661200886D0E /* VerticalPhotoCollectionViewCell.swift */; };
		C798F8272A2B777300886D0E /* HomePhotoByPersonalCetegoryTableViewCell.swift in Sources */ = {isa = PBXBuildFile; fileRef = C798F8262A2B777300886D0E /* HomePhotoByPersonalCetegoryTableViewCell.swift */; };
		C798F8292A2B7AE400886D0E /* HorizontalPhotoCollectionViewCell.swift in Sources */ = {isa = PBXBuildFile; fileRef = C798F8282A2B7AE400886D0E /* HorizontalPhotoCollectionViewCell.swift */; };
		C7E900132A0BBC8200CC620B /* UserInfo.swift in Sources */ = {isa = PBXBuildFile; fileRef = C7E900122A0BBC8200CC620B /* UserInfo.swift */; };
		C7E900152A0BBCCE00CC620B /* Colorsets.xcassets in Resources */ = {isa = PBXBuildFile; fileRef = C7E900142A0BBCCE00CC620B /* Colorsets.xcassets */; };
		C7E900182A0BBFC000CC620B /* UIColor+.swift in Sources */ = {isa = PBXBuildFile; fileRef = C7E900172A0BBFC000CC620B /* UIColor+.swift */; };
		C7E9001A2A0BBFF000CC620B /* UIFont+.swift in Sources */ = {isa = PBXBuildFile; fileRef = C7E900192A0BBFF000CC620B /* UIFont+.swift */; };
		C7E900202A0BC0BE00CC620B /* Pretendard-Medium.ttf in Resources */ = {isa = PBXBuildFile; fileRef = C7E9001C2A0BC0BE00CC620B /* Pretendard-Medium.ttf */; };
		C7E900212A0BC0BE00CC620B /* Pretendard-Bold.ttf in Resources */ = {isa = PBXBuildFile; fileRef = C7E9001D2A0BC0BE00CC620B /* Pretendard-Bold.ttf */; };
		C7E900222A0BC0BE00CC620B /* Pretendard-Regular.ttf in Resources */ = {isa = PBXBuildFile; fileRef = C7E9001E2A0BC0BE00CC620B /* Pretendard-Regular.ttf */; };
		C7E900232A0BC0BE00CC620B /* Pretendard-SemiBold.ttf in Resources */ = {isa = PBXBuildFile; fileRef = C7E9001F2A0BC0BE00CC620B /* Pretendard-SemiBold.ttf */; };
		C7E900272A0BC54400CC620B /* SecretKey.plist in Resources */ = {isa = PBXBuildFile; fileRef = C7E900262A0BC54400CC620B /* SecretKey.plist */; };
		C7E900292A0BC58000CC620B /* Bundle+.swift in Sources */ = {isa = PBXBuildFile; fileRef = C7E900282A0BC58000CC620B /* Bundle+.swift */; };
		C7E9002C2A0BC92200CC620B /* APIConstants.swift in Sources */ = {isa = PBXBuildFile; fileRef = C7E9002B2A0BC92200CC620B /* APIConstants.swift */; };
		C7E9002E2A0BC99C00CC620B /* NetworkResult.swift in Sources */ = {isa = PBXBuildFile; fileRef = C7E9002D2A0BC99C00CC620B /* NetworkResult.swift */; };
		C7E900302A0BC9D600CC620B /* BaseAPI.swift in Sources */ = {isa = PBXBuildFile; fileRef = C7E9002F2A0BC9D600CC620B /* BaseAPI.swift */; };
		C7E900332A0BCA3800CC620B /* BaseResponseType.swift in Sources */ = {isa = PBXBuildFile; fileRef = C7E900322A0BCA3800CC620B /* BaseResponseType.swift */; };
		C7E900352A0BCAE200CC620B /* NetworkLoggerPlugin.swift in Sources */ = {isa = PBXBuildFile; fileRef = C7E900342A0BCAE200CC620B /* NetworkLoggerPlugin.swift */; };
		C7E900382A0BCDD000CC620B /* Moya in Frameworks */ = {isa = PBXBuildFile; productRef = C7E900372A0BCDD000CC620B /* Moya */; };
		C7E9003B2A0BCE0800CC620B /* RxCocoa in Frameworks */ = {isa = PBXBuildFile; productRef = C7E9003A2A0BCE0800CC620B /* RxCocoa */; };
		C7E9003D2A0BCE0800CC620B /* RxSwift in Frameworks */ = {isa = PBXBuildFile; productRef = C7E9003C2A0BCE0800CC620B /* RxSwift */; };
		C7ED7D6A2A31CB4B0043B172 /* HomePhotoByThemeTableViewCell.swift in Sources */ = {isa = PBXBuildFile; fileRef = C7ED7D692A31CB4B0043B172 /* HomePhotoByThemeTableViewCell.swift */; };
/* End PBXBuildFile section */

/* Begin PBXFileReference section */
		6A04FE892A20CD5100FADEC8 /* SnapfitUserInformationViewController.swift */ = {isa = PBXFileReference; lastKnownFileType = sourcecode.swift; path = SnapfitUserInformationViewController.swift; sourceTree = "<group>"; };
		6A04FE8B2A20E73F00FADEC8 /* ProfilePhotographerViewController.swift */ = {isa = PBXFileReference; lastKnownFileType = sourcecode.swift; path = ProfilePhotographerViewController.swift; sourceTree = "<group>"; };
		6A0E39B12A10CD4200DC531A /* ChattingListViewController.swift */ = {isa = PBXFileReference; fileEncoding = 4; lastKnownFileType = sourcecode.swift; path = ChattingListViewController.swift; sourceTree = "<group>"; };
		6A0E39B22A10CD4200DC531A /* ChattingListTableViewCell.swift */ = {isa = PBXFileReference; fileEncoding = 4; lastKnownFileType = sourcecode.swift; path = ChattingListTableViewCell.swift; sourceTree = "<group>"; };
		6A0E39B62A10CD4A00DC531A /* BorderedTableViewCell.swift */ = {isa = PBXFileReference; fileEncoding = 4; lastKnownFileType = sourcecode.swift; path = BorderedTableViewCell.swift; sourceTree = "<group>"; };
		6A0E39B72A10CD4A00DC531A /* FavoriteListViewController.swift */ = {isa = PBXFileReference; fileEncoding = 4; lastKnownFileType = sourcecode.swift; path = FavoriteListViewController.swift; sourceTree = "<group>"; };
		6A1CFD322A0D1C29006971AE /* Preview.swift */ = {isa = PBXFileReference; lastKnownFileType = sourcecode.swift; path = Preview.swift; sourceTree = "<group>"; };
		6A4566BC2A13534C00AE5F62 /* MypagePhotographerViewController.swift */ = {isa = PBXFileReference; lastKnownFileType = sourcecode.swift; path = MypagePhotographerViewController.swift; sourceTree = "<group>"; };
		6A4CFC102A1893FA00CE5308 /* SnapfitTextView.swift */ = {isa = PBXFileReference; lastKnownFileType = sourcecode.swift; path = SnapfitTextView.swift; sourceTree = "<group>"; };
		6AA54F852A2436B8001E9D2C /* ReservatinDetailViewController.swift */ = {isa = PBXFileReference; lastKnownFileType = sourcecode.swift; path = ReservatinDetailViewController.swift; sourceTree = "<group>"; };
		6AA612AD2A176BE200C49095 /* UserGalleryCollectionViewController.swift */ = {isa = PBXFileReference; lastKnownFileType = sourcecode.swift; path = UserGalleryCollectionViewController.swift; sourceTree = "<group>"; };
		6AA612AF2A17C48B00C49095 /* ReviewCollectionViewController.swift */ = {isa = PBXFileReference; lastKnownFileType = sourcecode.swift; path = ReviewCollectionViewController.swift; sourceTree = "<group>"; };
		C70C48942A301A560052019B /* PhotographerListTableViewCell.swift */ = {isa = PBXFileReference; lastKnownFileType = sourcecode.swift; path = PhotographerListTableViewCell.swift; sourceTree = "<group>"; };
		C70C48962A301B9F0052019B /* PhotographerCollectionViewCell.swift */ = {isa = PBXFileReference; lastKnownFileType = sourcecode.swift; path = PhotographerCollectionViewCell.swift; sourceTree = "<group>"; };
		C71730ED2A17427900155D09 /* ReservationViewController.swift */ = {isa = PBXFileReference; lastKnownFileType = sourcecode.swift; path = ReservationViewController.swift; sourceTree = "<group>"; };
		C71730EF2A17C6C300155D09 /* UITabBar+.swift */ = {isa = PBXFileReference; lastKnownFileType = sourcecode.swift; path = "UITabBar+.swift"; sourceTree = "<group>"; };
		C71730F12A17C6EB00155D09 /* CALayer+.swift */ = {isa = PBXFileReference; lastKnownFileType = sourcecode.swift; path = "CALayer+.swift"; sourceTree = "<group>"; };
		C74499E32A1EDBFE00C21AD4 /* HomeNavigationTableViewCell.swift */ = {isa = PBXFileReference; lastKnownFileType = sourcecode.swift; path = HomeNavigationTableViewCell.swift; sourceTree = "<group>"; };
		C74499E62A1EEBC400C21AD4 /* NotificationViewController.swift */ = {isa = PBXFileReference; lastKnownFileType = sourcecode.swift; path = NotificationViewController.swift; sourceTree = "<group>"; };
		C74499E82A1EEF8600C21AD4 /* HomeReservationDetailTableViewCell.swift */ = {isa = PBXFileReference; lastKnownFileType = sourcecode.swift; path = HomeReservationDetailTableViewCell.swift; sourceTree = "<group>"; };
		C74499EA2A1FA36C00C21AD4 /* HomeSearchBarTableViewCell.swift */ = {isa = PBXFileReference; lastKnownFileType = sourcecode.swift; path = HomeSearchBarTableViewCell.swift; sourceTree = "<group>"; };
		C74499EC2A1FA84700C21AD4 /* SnapfitSearchTextField.swift */ = {isa = PBXFileReference; lastKnownFileType = sourcecode.swift; path = SnapfitSearchTextField.swift; sourceTree = "<group>"; };
		C74499EE2A1FAD1300C21AD4 /* HomeCategoryTagTableViewCell.swift */ = {isa = PBXFileReference; lastKnownFileType = sourcecode.swift; path = HomeCategoryTagTableViewCell.swift; sourceTree = "<group>"; };
		C74499F02A1FAEDD00C21AD4 /* TagCollectionViewCell.swift */ = {isa = PBXFileReference; lastKnownFileType = sourcecode.swift; path = TagCollectionViewCell.swift; sourceTree = "<group>"; };
		C744AD5E2A1A75F700D30F14 /* SnapfitNavigationView.swift */ = {isa = PBXFileReference; lastKnownFileType = sourcecode.swift; path = SnapfitNavigationView.swift; sourceTree = "<group>"; };
		C744AD602A1A81C000D30F14 /* SnapfitSearchBarButton.swift */ = {isa = PBXFileReference; lastKnownFileType = sourcecode.swift; path = SnapfitSearchBarButton.swift; sourceTree = "<group>"; };
		C766F1572A1097AF009BC30E /* BaseViewController.swift */ = {isa = PBXFileReference; lastKnownFileType = sourcecode.swift; path = BaseViewController.swift; sourceTree = "<group>"; };
		C766F15A2A109806009BC30E /* SnapfitActivityIndicatorView.swift */ = {isa = PBXFileReference; lastKnownFileType = sourcecode.swift; path = SnapfitActivityIndicatorView.swift; sourceTree = "<group>"; };
		C766F15C2A1098D3009BC30E /* UIViewController+.swift */ = {isa = PBXFileReference; lastKnownFileType = sourcecode.swift; path = "UIViewController+.swift"; sourceTree = "<group>"; };
		C766F15F2A109AAB009BC30E /* ClassName.swift */ = {isa = PBXFileReference; lastKnownFileType = sourcecode.swift; path = ClassName.swift; sourceTree = "<group>"; };
		C766F1612A109C06009BC30E /* BaseNavigationController.swift */ = {isa = PBXFileReference; lastKnownFileType = sourcecode.swift; path = BaseNavigationController.swift; sourceTree = "<group>"; };
		C766F1632A10A171009BC30E /* Message.swift */ = {isa = PBXFileReference; lastKnownFileType = sourcecode.swift; path = Message.swift; sourceTree = "<group>"; };
		C766F1672A10A1C8009BC30E /* UILabel+.swift */ = {isa = PBXFileReference; lastKnownFileType = sourcecode.swift; path = "UILabel+.swift"; sourceTree = "<group>"; };
		C766F1692A10A200009BC30E /* UICollectionView+.swift */ = {isa = PBXFileReference; lastKnownFileType = sourcecode.swift; path = "UICollectionView+.swift"; sourceTree = "<group>"; };
		C766F16B2A10A232009BC30E /* UITableView+.swift */ = {isa = PBXFileReference; lastKnownFileType = sourcecode.swift; path = "UITableView+.swift"; sourceTree = "<group>"; };
		C766F16D2A10A25A009BC30E /* UITextField.swift */ = {isa = PBXFileReference; lastKnownFileType = sourcecode.swift; path = UITextField.swift; sourceTree = "<group>"; };
		C766F16F2A10A27A009BC30E /* UIView+.swift */ = {isa = PBXFileReference; lastKnownFileType = sourcecode.swift; path = "UIView+.swift"; sourceTree = "<group>"; };
		C766F1712A10A2B2009BC30E /* UIButton+.swift */ = {isa = PBXFileReference; lastKnownFileType = sourcecode.swift; path = "UIButton+.swift"; sourceTree = "<group>"; };
		C766F1732A10A3B6009BC30E /* String+.swift */ = {isa = PBXFileReference; lastKnownFileType = sourcecode.swift; path = "String+.swift"; sourceTree = "<group>"; };
		C766F1752A10A3FB009BC30E /* ImageCacheManager.swift */ = {isa = PBXFileReference; lastKnownFileType = sourcecode.swift; path = ImageCacheManager.swift; sourceTree = "<group>"; };
		C766F1772A10A41C009BC30E /* UserDefaults+.swift */ = {isa = PBXFileReference; lastKnownFileType = sourcecode.swift; path = "UserDefaults+.swift"; sourceTree = "<group>"; };
		C766F1792A10A43F009BC30E /* UIStackView+.swift */ = {isa = PBXFileReference; lastKnownFileType = sourcecode.swift; path = "UIStackView+.swift"; sourceTree = "<group>"; };
		C766F17B2A10A455009BC30E /* UIImageView+.swift */ = {isa = PBXFileReference; lastKnownFileType = sourcecode.swift; path = "UIImageView+.swift"; sourceTree = "<group>"; };
		C766F17D2A10A47B009BC30E /* Notification+Name+.swift */ = {isa = PBXFileReference; lastKnownFileType = sourcecode.swift; path = "Notification+Name+.swift"; sourceTree = "<group>"; };
		C766F17F2A10A49C009BC30E /* UIImage+.swift */ = {isa = PBXFileReference; lastKnownFileType = sourcecode.swift; path = "UIImage+.swift"; sourceTree = "<group>"; };
		C766F1812A10A4E3009BC30E /* UINavigationController.swift */ = {isa = PBXFileReference; lastKnownFileType = sourcecode.swift; path = UINavigationController.swift; sourceTree = "<group>"; };
		C766F1832A10A507009BC30E /* UserDefaultsManager.swift */ = {isa = PBXFileReference; lastKnownFileType = sourcecode.swift; path = UserDefaultsManager.swift; sourceTree = "<group>"; };
		C77784742A003B1000B4AB8D /* SNAPFIT.app */ = {isa = PBXFileReference; explicitFileType = wrapper.application; includeInIndex = 0; path = SNAPFIT.app; sourceTree = BUILT_PRODUCTS_DIR; };
		C77784772A003B1000B4AB8D /* AppDelegate.swift */ = {isa = PBXFileReference; lastKnownFileType = sourcecode.swift; path = AppDelegate.swift; sourceTree = "<group>"; };
		C77784792A003B1000B4AB8D /* SceneDelegate.swift */ = {isa = PBXFileReference; lastKnownFileType = sourcecode.swift; path = SceneDelegate.swift; sourceTree = "<group>"; };
		C777847B2A003B1000B4AB8D /* HomeViewController.swift */ = {isa = PBXFileReference; lastKnownFileType = sourcecode.swift; path = HomeViewController.swift; sourceTree = "<group>"; };
		C77784802A003B1100B4AB8D /* Assets.xcassets */ = {isa = PBXFileReference; lastKnownFileType = folder.assetcatalog; path = Assets.xcassets; sourceTree = "<group>"; };
		C77784832A003B1100B4AB8D /* Base */ = {isa = PBXFileReference; lastKnownFileType = file.storyboard; name = Base; path = Base.lproj/LaunchScreen.storyboard; sourceTree = "<group>"; };
		C77784852A003B1100B4AB8D /* Info.plist */ = {isa = PBXFileReference; lastKnownFileType = text.plist.xml; path = Info.plist; sourceTree = "<group>"; };
		C79720232A12334B006A3BE8 /* SnapfitTabBarController.swift */ = {isa = PBXFileReference; lastKnownFileType = sourcecode.swift; path = SnapfitTabBarController.swift; sourceTree = "<group>"; };
		C798F8222A2B65A000886D0E /* HomePhotoByCategoryTableViewCell.swift */ = {isa = PBXFileReference; lastKnownFileType = sourcecode.swift; path = HomePhotoByCategoryTableViewCell.swift; sourceTree = "<group>"; };
		C798F8242A2B661200886D0E /* VerticalPhotoCollectionViewCell.swift */ = {isa = PBXFileReference; lastKnownFileType = sourcecode.swift; path = VerticalPhotoCollectionViewCell.swift; sourceTree = "<group>"; };
		C798F8262A2B777300886D0E /* HomePhotoByPersonalCetegoryTableViewCell.swift */ = {isa = PBXFileReference; lastKnownFileType = sourcecode.swift; path = HomePhotoByPersonalCetegoryTableViewCell.swift; sourceTree = "<group>"; };
		C798F8282A2B7AE400886D0E /* HorizontalPhotoCollectionViewCell.swift */ = {isa = PBXFileReference; lastKnownFileType = sourcecode.swift; path = HorizontalPhotoCollectionViewCell.swift; sourceTree = "<group>"; };
		C7E900122A0BBC8200CC620B /* UserInfo.swift */ = {isa = PBXFileReference; lastKnownFileType = sourcecode.swift; path = UserInfo.swift; sourceTree = "<group>"; };
		C7E900142A0BBCCE00CC620B /* Colorsets.xcassets */ = {isa = PBXFileReference; lastKnownFileType = folder.assetcatalog; path = Colorsets.xcassets; sourceTree = "<group>"; };
		C7E900172A0BBFC000CC620B /* UIColor+.swift */ = {isa = PBXFileReference; lastKnownFileType = sourcecode.swift; path = "UIColor+.swift"; sourceTree = "<group>"; };
		C7E900192A0BBFF000CC620B /* UIFont+.swift */ = {isa = PBXFileReference; lastKnownFileType = sourcecode.swift; path = "UIFont+.swift"; sourceTree = "<group>"; };
		C7E9001C2A0BC0BE00CC620B /* Pretendard-Medium.ttf */ = {isa = PBXFileReference; lastKnownFileType = file; path = "Pretendard-Medium.ttf"; sourceTree = "<group>"; };
		C7E9001D2A0BC0BE00CC620B /* Pretendard-Bold.ttf */ = {isa = PBXFileReference; lastKnownFileType = file; path = "Pretendard-Bold.ttf"; sourceTree = "<group>"; };
		C7E9001E2A0BC0BE00CC620B /* Pretendard-Regular.ttf */ = {isa = PBXFileReference; lastKnownFileType = file; path = "Pretendard-Regular.ttf"; sourceTree = "<group>"; };
		C7E9001F2A0BC0BE00CC620B /* Pretendard-SemiBold.ttf */ = {isa = PBXFileReference; lastKnownFileType = file; path = "Pretendard-SemiBold.ttf"; sourceTree = "<group>"; };
		C7E900262A0BC54400CC620B /* SecretKey.plist */ = {isa = PBXFileReference; lastKnownFileType = text.plist.xml; path = SecretKey.plist; sourceTree = "<group>"; };
		C7E900282A0BC58000CC620B /* Bundle+.swift */ = {isa = PBXFileReference; lastKnownFileType = sourcecode.swift; path = "Bundle+.swift"; sourceTree = "<group>"; };
		C7E9002B2A0BC92200CC620B /* APIConstants.swift */ = {isa = PBXFileReference; lastKnownFileType = sourcecode.swift; path = APIConstants.swift; sourceTree = "<group>"; };
		C7E9002D2A0BC99C00CC620B /* NetworkResult.swift */ = {isa = PBXFileReference; lastKnownFileType = sourcecode.swift; path = NetworkResult.swift; sourceTree = "<group>"; };
		C7E9002F2A0BC9D600CC620B /* BaseAPI.swift */ = {isa = PBXFileReference; lastKnownFileType = sourcecode.swift; path = BaseAPI.swift; sourceTree = "<group>"; };
		C7E900322A0BCA3800CC620B /* BaseResponseType.swift */ = {isa = PBXFileReference; lastKnownFileType = sourcecode.swift; path = BaseResponseType.swift; sourceTree = "<group>"; };
		C7E900342A0BCAE200CC620B /* NetworkLoggerPlugin.swift */ = {isa = PBXFileReference; lastKnownFileType = sourcecode.swift; path = NetworkLoggerPlugin.swift; sourceTree = "<group>"; };
		C7ED7D692A31CB4B0043B172 /* HomePhotoByThemeTableViewCell.swift */ = {isa = PBXFileReference; lastKnownFileType = sourcecode.swift; path = HomePhotoByThemeTableViewCell.swift; sourceTree = "<group>"; };
/* End PBXFileReference section */

/* Begin PBXFrameworksBuildPhase section */
		C77784712A003B1000B4AB8D /* Frameworks */ = {
			isa = PBXFrameworksBuildPhase;
			buildActionMask = 2147483647;
			files = (
				C7E9003B2A0BCE0800CC620B /* RxCocoa in Frameworks */,
				C7E900382A0BCDD000CC620B /* Moya in Frameworks */,
				C7E9003D2A0BCE0800CC620B /* RxSwift in Frameworks */,
				6A013C8B2A08E6EF00DF2FF4 /* SnapKit in Frameworks */,
			);
			runOnlyForDeploymentPostprocessing = 0;
		};
/* End PBXFrameworksBuildPhase section */

/* Begin PBXGroup section */
		6A04FE872A20CCAC00FADEC8 /* Profile */ = {
			isa = PBXGroup;
			children = (
				6A04FE8B2A20E73F00FADEC8 /* ProfilePhotographerViewController.swift */,
			);
			path = Profile;
			sourceTree = "<group>";
		};
		6A0E39B02A10CD4200DC531A /* Chatting */ = {
			isa = PBXGroup;
			children = (
				6A0E39B12A10CD4200DC531A /* ChattingListViewController.swift */,
				6A0E39B22A10CD4200DC531A /* ChattingListTableViewCell.swift */,
			);
			path = Chatting;
			sourceTree = "<group>";
		};
		6A0E39B52A10CD4A00DC531A /* FavoriteList */ = {
			isa = PBXGroup;
			children = (
				6A0E39B72A10CD4A00DC531A /* FavoriteListViewController.swift */,
			);
			path = FavoriteList;
			sourceTree = "<group>";
		};
		6A236C222A238D25000CB1E6 /* TableViewCells */ = {
			isa = PBXGroup;
			children = (
				6A0E39B62A10CD4A00DC531A /* BorderedTableViewCell.swift */,
				C70C48942A301A560052019B /* PhotographerListTableViewCell.swift */,
			);
			path = TableViewCells;
			sourceTree = "<group>";
		};
		6A4566BE2A13536200AE5F62 /* Mypage */ = {
			isa = PBXGroup;
			children = (
				6A4566BC2A13534C00AE5F62 /* MypagePhotographerViewController.swift */,
			);
			path = Mypage;
			sourceTree = "<group>";
		};
		6AA612AC2A176B9700C49095 /* CarouselCollections */ = {
			isa = PBXGroup;
			children = (
				6AA612AD2A176BE200C49095 /* UserGalleryCollectionViewController.swift */,
				6AA612AF2A17C48B00C49095 /* ReviewCollectionViewController.swift */,
			);
			path = CarouselCollections;
			sourceTree = "<group>";
		};
		C71730EB2A17423000155D09 /* Reservation */ = {
			isa = PBXGroup;
			children = (
				C71730ED2A17427900155D09 /* ReservationViewController.swift */,
				6AA54F852A2436B8001E9D2C /* ReservatinDetailViewController.swift */,
			);
			path = Reservation;
			sourceTree = "<group>";
		};
		C74499E22A1EDBE800C21AD4 /* Cells */ = {
			isa = PBXGroup;
			children = (
				C74499E32A1EDBFE00C21AD4 /* HomeNavigationTableViewCell.swift */,
				C74499E82A1EEF8600C21AD4 /* HomeReservationDetailTableViewCell.swift */,
				C74499EA2A1FA36C00C21AD4 /* HomeSearchBarTableViewCell.swift */,
				C74499EE2A1FAD1300C21AD4 /* HomeCategoryTagTableViewCell.swift */,
				C798F8222A2B65A000886D0E /* HomePhotoByCategoryTableViewCell.swift */,
				C798F8242A2B661200886D0E /* VerticalPhotoCollectionViewCell.swift */,
				C798F8262A2B777300886D0E /* HomePhotoByPersonalCetegoryTableViewCell.swift */,
				C798F8282A2B7AE400886D0E /* HorizontalPhotoCollectionViewCell.swift */,
				C7ED7D692A31CB4B0043B172 /* HomePhotoByThemeTableViewCell.swift */,
			);
			path = Cells;
			sourceTree = "<group>";
		};
		C74499E52A1EEBB500C21AD4 /* Notification */ = {
			isa = PBXGroup;
			children = (
				C74499E62A1EEBC400C21AD4 /* NotificationViewController.swift */,
			);
			path = Notification;
			sourceTree = "<group>";
		};
		C766F1562A1097A2009BC30E /* Bases */ = {
			isa = PBXGroup;
			children = (
				C766F1572A1097AF009BC30E /* BaseViewController.swift */,
				C766F1612A109C06009BC30E /* BaseNavigationController.swift */,
			);
			path = Bases;
			sourceTree = "<group>";
		};
		C766F1592A1097F1009BC30E /* Components */ = {
			isa = PBXGroup;
			children = (
				6A236C222A238D25000CB1E6 /* TableViewCells */,
				6AA612AC2A176B9700C49095 /* CarouselCollections */,
				C766F15A2A109806009BC30E /* SnapfitActivityIndicatorView.swift */,
				6A4CFC102A1893FA00CE5308 /* SnapfitTextView.swift */,
				C79720232A12334B006A3BE8 /* SnapfitTabBarController.swift */,
				6A04FE892A20CD5100FADEC8 /* SnapfitUserInformationViewController.swift */,
				C744AD5E2A1A75F700D30F14 /* SnapfitNavigationView.swift */,
				C744AD602A1A81C000D30F14 /* SnapfitSearchBarButton.swift */,
				C74499EC2A1FA84700C21AD4 /* SnapfitSearchTextField.swift */,
				C74499F02A1FAEDD00C21AD4 /* TagCollectionViewCell.swift */,
				C70C48962A301B9F0052019B /* PhotographerCollectionViewCell.swift */,
			);
			path = Components;
			sourceTree = "<group>";
		};
		C766F15E2A109AA1009BC30E /* Utils */ = {
			isa = PBXGroup;
			children = (
				C766F15F2A109AAB009BC30E /* ClassName.swift */,
				C766F1632A10A171009BC30E /* Message.swift */,
				C766F1832A10A507009BC30E /* UserDefaultsManager.swift */,
			);
			path = Utils;
			sourceTree = "<group>";
		};
		C777846B2A003B1000B4AB8D = {
			isa = PBXGroup;
			children = (
				C77784762A003B1000B4AB8D /* SNAPFIT */,
				C77784752A003B1000B4AB8D /* Products */,
			);
			sourceTree = "<group>";
		};
		C77784752A003B1000B4AB8D /* Products */ = {
			isa = PBXGroup;
			children = (
				C77784742A003B1000B4AB8D /* SNAPFIT.app */,
			);
			name = Products;
			sourceTree = "<group>";
		};
		C77784762A003B1000B4AB8D /* SNAPFIT */ = {
			isa = PBXGroup;
			children = (
				C7E9000B2A0BBBEC00CC620B /* Global */,
				C7E9000F2A0BBC0C00CC620B /* Resources */,
				C7E9000D2A0BBBFF00CC620B /* Network */,
				C7E9000E2A0BBC0500CC620B /* Sources */,
				C7E9000C2A0BBBF700CC620B /* Applications */,
				C7E900102A0BBC2100CC620B /* Plists */,
			);
			path = SNAPFIT;
			sourceTree = "<group>";
		};
		C7E9000B2A0BBBEC00CC620B /* Global */ = {
			isa = PBXGroup;
			children = (
				C766F15E2A109AA1009BC30E /* Utils */,
				C766F1562A1097A2009BC30E /* Bases */,
				C7E900162A0BBFB200CC620B /* Extensions */,
				C7E900112A0BBC7400CC620B /* Singletons */,
			);
			path = Global;
			sourceTree = "<group>";
		};
		C7E9000C2A0BBBF700CC620B /* Applications */ = {
			isa = PBXGroup;
			children = (
				C77784772A003B1000B4AB8D /* AppDelegate.swift */,
				C77784792A003B1000B4AB8D /* SceneDelegate.swift */,
			);
			path = Applications;
			sourceTree = "<group>";
		};
		C7E9000D2A0BBBFF00CC620B /* Network */ = {
			isa = PBXGroup;
			children = (
				C7E9002A2A0BC91100CC620B /* APIEssentials */,
				C7E900312A0BCA2500CC620B /* APIModels */,
				C7E900342A0BCAE200CC620B /* NetworkLoggerPlugin.swift */,
			);
			path = Network;
			sourceTree = "<group>";
		};
		C7E9000E2A0BBC0500CC620B /* Sources */ = {
			isa = PBXGroup;
			children = (
				C766F1592A1097F1009BC30E /* Components */,
				C7E900242A0BC17300CC620B /* Screens */,
				C77784822A003B1100B4AB8D /* LaunchScreen.storyboard */,
				6A1CFD322A0D1C29006971AE /* Preview.swift */,
			);
			path = Sources;
			sourceTree = "<group>";
		};
		C7E9000F2A0BBC0C00CC620B /* Resources */ = {
			isa = PBXGroup;
			children = (
				C7E9001B2A0BC04700CC620B /* Fonts */,
				C77784802A003B1100B4AB8D /* Assets.xcassets */,
				C7E900142A0BBCCE00CC620B /* Colorsets.xcassets */,
			);
			path = Resources;
			sourceTree = "<group>";
		};
		C7E900102A0BBC2100CC620B /* Plists */ = {
			isa = PBXGroup;
			children = (
				C77784852A003B1100B4AB8D /* Info.plist */,
				C7E900262A0BC54400CC620B /* SecretKey.plist */,
			);
			path = Plists;
			sourceTree = "<group>";
		};
		C7E900112A0BBC7400CC620B /* Singletons */ = {
			isa = PBXGroup;
			children = (
				C7E900122A0BBC8200CC620B /* UserInfo.swift */,
				C766F1752A10A3FB009BC30E /* ImageCacheManager.swift */,
			);
			path = Singletons;
			sourceTree = "<group>";
		};
		C7E900162A0BBFB200CC620B /* Extensions */ = {
			isa = PBXGroup;
			children = (
				C7E900172A0BBFC000CC620B /* UIColor+.swift */,
				C7E900192A0BBFF000CC620B /* UIFont+.swift */,
				C7E900282A0BC58000CC620B /* Bundle+.swift */,
				C766F15C2A1098D3009BC30E /* UIViewController+.swift */,
				C766F1672A10A1C8009BC30E /* UILabel+.swift */,
				C766F1692A10A200009BC30E /* UICollectionView+.swift */,
				C766F16B2A10A232009BC30E /* UITableView+.swift */,
				C766F16D2A10A25A009BC30E /* UITextField.swift */,
				C766F16F2A10A27A009BC30E /* UIView+.swift */,
				C766F1712A10A2B2009BC30E /* UIButton+.swift */,
				C766F1732A10A3B6009BC30E /* String+.swift */,
				C766F1772A10A41C009BC30E /* UserDefaults+.swift */,
				C766F1792A10A43F009BC30E /* UIStackView+.swift */,
				C766F17B2A10A455009BC30E /* UIImageView+.swift */,
				C766F17D2A10A47B009BC30E /* Notification+Name+.swift */,
				C766F17F2A10A49C009BC30E /* UIImage+.swift */,
				C766F1812A10A4E3009BC30E /* UINavigationController.swift */,
				C71730EF2A17C6C300155D09 /* UITabBar+.swift */,
				C71730F12A17C6EB00155D09 /* CALayer+.swift */,
			);
			path = Extensions;
			sourceTree = "<group>";
		};
		C7E9001B2A0BC04700CC620B /* Fonts */ = {
			isa = PBXGroup;
			children = (
				C7E9001D2A0BC0BE00CC620B /* Pretendard-Bold.ttf */,
				C7E9001C2A0BC0BE00CC620B /* Pretendard-Medium.ttf */,
				C7E9001E2A0BC0BE00CC620B /* Pretendard-Regular.ttf */,
				C7E9001F2A0BC0BE00CC620B /* Pretendard-SemiBold.ttf */,
			);
			path = Fonts;
			sourceTree = "<group>";
		};
		C7E900242A0BC17300CC620B /* Screens */ = {
			isa = PBXGroup;
			children = (
				6A04FE872A20CCAC00FADEC8 /* Profile */,
				C71730EB2A17423000155D09 /* Reservation */,
				6A0E39B52A10CD4A00DC531A /* FavoriteList */,
				6A0E39B02A10CD4200DC531A /* Chatting */,
				C7E900252A0BC17900CC620B /* Home */,
				6A4566BE2A13536200AE5F62 /* Mypage */,
			);
			path = Screens;
			sourceTree = "<group>";
		};
		C7E900252A0BC17900CC620B /* Home */ = {
			isa = PBXGroup;
			children = (
				C74499E52A1EEBB500C21AD4 /* Notification */,
				C74499E22A1EDBE800C21AD4 /* Cells */,
				C777847B2A003B1000B4AB8D /* HomeViewController.swift */,
			);
			path = Home;
			sourceTree = "<group>";
		};
		C7E9002A2A0BC91100CC620B /* APIEssentials */ = {
			isa = PBXGroup;
			children = (
				C7E9002B2A0BC92200CC620B /* APIConstants.swift */,
				C7E9002D2A0BC99C00CC620B /* NetworkResult.swift */,
				C7E9002F2A0BC9D600CC620B /* BaseAPI.swift */,
			);
			path = APIEssentials;
			sourceTree = "<group>";
		};
		C7E900312A0BCA2500CC620B /* APIModels */ = {
			isa = PBXGroup;
			children = (
				C7E900322A0BCA3800CC620B /* BaseResponseType.swift */,
			);
			path = APIModels;
			sourceTree = "<group>";
		};
/* End PBXGroup section */

/* Begin PBXNativeTarget section */
		C77784732A003B1000B4AB8D /* SNAPFIT */ = {
			isa = PBXNativeTarget;
			buildConfigurationList = C77784882A003B1100B4AB8D /* Build configuration list for PBXNativeTarget "SNAPFIT" */;
			buildPhases = (
				C77784702A003B1000B4AB8D /* Sources */,
				C77784712A003B1000B4AB8D /* Frameworks */,
				C77784722A003B1000B4AB8D /* Resources */,
			);
			buildRules = (
			);
			dependencies = (
			);
			name = SNAPFIT;
			packageProductDependencies = (
				6A013C8A2A08E6EF00DF2FF4 /* SnapKit */,
				C7E900372A0BCDD000CC620B /* Moya */,
				C7E9003A2A0BCE0800CC620B /* RxCocoa */,
				C7E9003C2A0BCE0800CC620B /* RxSwift */,
			);
			productName = SNAPFIT;
			productReference = C77784742A003B1000B4AB8D /* SNAPFIT.app */;
			productType = "com.apple.product-type.application";
		};
/* End PBXNativeTarget section */

/* Begin PBXProject section */
		C777846C2A003B1000B4AB8D /* Project object */ = {
			isa = PBXProject;
			attributes = {
				BuildIndependentTargetsInParallel = 1;
				LastSwiftUpdateCheck = 1430;
				LastUpgradeCheck = 1430;
				TargetAttributes = {
					C77784732A003B1000B4AB8D = {
						CreatedOnToolsVersion = 14.3;
					};
				};
			};
			buildConfigurationList = C777846F2A003B1000B4AB8D /* Build configuration list for PBXProject "SNAPFIT" */;
			compatibilityVersion = "Xcode 14.0";
			developmentRegion = en;
			hasScannedForEncodings = 0;
			knownRegions = (
				en,
				Base,
			);
			mainGroup = C777846B2A003B1000B4AB8D;
			packageReferences = (
				6A013C892A08E6EF00DF2FF4 /* XCRemoteSwiftPackageReference "SnapKit" */,
				C7E900362A0BCDD000CC620B /* XCRemoteSwiftPackageReference "Moya" */,
				C7E900392A0BCE0800CC620B /* XCRemoteSwiftPackageReference "RxSwift" */,
			);
			productRefGroup = C77784752A003B1000B4AB8D /* Products */;
			projectDirPath = "";
			projectRoot = "";
			targets = (
				C77784732A003B1000B4AB8D /* SNAPFIT */,
			);
		};
/* End PBXProject section */

/* Begin PBXResourcesBuildPhase section */
		C77784722A003B1000B4AB8D /* Resources */ = {
			isa = PBXResourcesBuildPhase;
			buildActionMask = 2147483647;
			files = (
				C7E900272A0BC54400CC620B /* SecretKey.plist in Resources */,
				C7E900202A0BC0BE00CC620B /* Pretendard-Medium.ttf in Resources */,
				C7E900212A0BC0BE00CC620B /* Pretendard-Bold.ttf in Resources */,
				C7E900222A0BC0BE00CC620B /* Pretendard-Regular.ttf in Resources */,
				C77784842A003B1100B4AB8D /* LaunchScreen.storyboard in Resources */,
				C7E900232A0BC0BE00CC620B /* Pretendard-SemiBold.ttf in Resources */,
				C7E900152A0BBCCE00CC620B /* Colorsets.xcassets in Resources */,
				C77784812A003B1100B4AB8D /* Assets.xcassets in Resources */,
			);
			runOnlyForDeploymentPostprocessing = 0;
		};
/* End PBXResourcesBuildPhase section */

/* Begin PBXSourcesBuildPhase section */
		C77784702A003B1000B4AB8D /* Sources */ = {
			isa = PBXSourcesBuildPhase;
			buildActionMask = 2147483647;
			files = (
				C798F8232A2B65A000886D0E /* HomePhotoByCategoryTableViewCell.swift in Sources */,
				C7E900132A0BBC8200CC620B /* UserInfo.swift in Sources */,
				C74499E92A1EEF8600C21AD4 /* HomeReservationDetailTableViewCell.swift in Sources */,
				6A4CFC112A1893FA00CE5308 /* SnapfitTextView.swift in Sources */,
				C7E900352A0BCAE200CC620B /* NetworkLoggerPlugin.swift in Sources */,
				C766F1842A10A507009BC30E /* UserDefaultsManager.swift in Sources */,
				6AA612B02A17C48B00C49095 /* ReviewCollectionViewController.swift in Sources */,
				C766F17A2A10A43F009BC30E /* UIStackView+.swift in Sources */,
				C766F16E2A10A25A009BC30E /* UITextField.swift in Sources */,
				C74499ED2A1FA84700C21AD4 /* SnapfitSearchTextField.swift in Sources */,
				C766F1682A10A1C8009BC30E /* UILabel+.swift in Sources */,
				C7E900292A0BC58000CC620B /* Bundle+.swift in Sources */,
				C744AD612A1A81C000D30F14 /* SnapfitSearchBarButton.swift in Sources */,
				C74499E72A1EEBC400C21AD4 /* NotificationViewController.swift in Sources */,
				C71730F22A17C6EB00155D09 /* CALayer+.swift in Sources */,
				C777847C2A003B1000B4AB8D /* HomeViewController.swift in Sources */,
				C7E900332A0BCA3800CC620B /* BaseResponseType.swift in Sources */,
				C798F8252A2B661200886D0E /* VerticalPhotoCollectionViewCell.swift in Sources */,
				C766F1582A1097AF009BC30E /* BaseViewController.swift in Sources */,
				C70C48952A301A560052019B /* PhotographerListTableViewCell.swift in Sources */,
				C74499E42A1EDBFE00C21AD4 /* HomeNavigationTableViewCell.swift in Sources */,
				C71730F02A17C6C300155D09 /* UITabBar+.swift in Sources */,
				C7E9002E2A0BC99C00CC620B /* NetworkResult.swift in Sources */,
				6AA612AE2A176BE200C49095 /* UserGalleryCollectionViewController.swift in Sources */,
				C744AD5F2A1A75F700D30F14 /* SnapfitNavigationView.swift in Sources */,
				C766F1722A10A2B3009BC30E /* UIButton+.swift in Sources */,
				C766F1742A10A3B6009BC30E /* String+.swift in Sources */,
				C766F1762A10A3FB009BC30E /* ImageCacheManager.swift in Sources */,
				C79720242A12334B006A3BE8 /* SnapfitTabBarController.swift in Sources */,
				C766F1642A10A171009BC30E /* Message.swift in Sources */,
				6A04FE8C2A20E73F00FADEC8 /* ProfilePhotographerViewController.swift in Sources */,
				C7E9001A2A0BBFF000CC620B /* UIFont+.swift in Sources */,
				6A1CFD332A0D1C29006971AE /* Preview.swift in Sources */,
				C766F1702A10A27A009BC30E /* UIView+.swift in Sources */,
				C766F1782A10A41C009BC30E /* UserDefaults+.swift in Sources */,
				6A04FE8A2A20CD5100FADEC8 /* SnapfitUserInformationViewController.swift in Sources */,
				C766F1602A109AAB009BC30E /* ClassName.swift in Sources */,
				C74499F12A1FAEDD00C21AD4 /* TagCollectionViewCell.swift in Sources */,
				C7E9002C2A0BC92200CC620B /* APIConstants.swift in Sources */,
				C74499EF2A1FAD1300C21AD4 /* HomeCategoryTagTableViewCell.swift in Sources */,
				C766F15D2A1098D3009BC30E /* UIViewController+.swift in Sources */,
				C70C48972A301B9F0052019B /* PhotographerCollectionViewCell.swift in Sources */,
				C766F1802A10A49C009BC30E /* UIImage+.swift in Sources */,
				6A0E39B92A10CD4A00DC531A /* FavoriteListViewController.swift in Sources */,
				6A0E39B32A10CD4200DC531A /* ChattingListViewController.swift in Sources */,
				C7ED7D6A2A31CB4B0043B172 /* HomePhotoByThemeTableViewCell.swift in Sources */,
				C74499EB2A1FA36C00C21AD4 /* HomeSearchBarTableViewCell.swift in Sources */,
				C798F8292A2B7AE400886D0E /* HorizontalPhotoCollectionViewCell.swift in Sources */,
				C766F15B2A109806009BC30E /* SnapfitActivityIndicatorView.swift in Sources */,
				C766F16C2A10A232009BC30E /* UITableView+.swift in Sources */,
				C766F1822A10A4E3009BC30E /* UINavigationController.swift in Sources */,
				6A4566BD2A13534C00AE5F62 /* MypagePhotographerViewController.swift in Sources */,
				C798F8272A2B777300886D0E /* HomePhotoByPersonalCetegoryTableViewCell.swift in Sources */,
				C77784782A003B1000B4AB8D /* AppDelegate.swift in Sources */,
				C766F17C2A10A455009BC30E /* UIImageView+.swift in Sources */,
				C766F1622A109C06009BC30E /* BaseNavigationController.swift in Sources */,
				C777847A2A003B1000B4AB8D /* SceneDelegate.swift in Sources */,
				C7E900182A0BBFC000CC620B /* UIColor+.swift in Sources */,
				C766F16A2A10A200009BC30E /* UICollectionView+.swift in Sources */,
				C71730EE2A17427900155D09 /* ReservationViewController.swift in Sources */,
				C766F17E2A10A47B009BC30E /* Notification+Name+.swift in Sources */,
				6AA54F862A2436B8001E9D2C /* ReservatinDetailViewController.swift in Sources */,
				C7E900302A0BC9D600CC620B /* BaseAPI.swift in Sources */,
				6A0E39B82A10CD4A00DC531A /* BorderedTableViewCell.swift in Sources */,
				6A0E39B42A10CD4200DC531A /* ChattingListTableViewCell.swift in Sources */,
			);
			runOnlyForDeploymentPostprocessing = 0;
		};
/* End PBXSourcesBuildPhase section */

/* Begin PBXVariantGroup section */
		C77784822A003B1100B4AB8D /* LaunchScreen.storyboard */ = {
			isa = PBXVariantGroup;
			children = (
				C77784832A003B1100B4AB8D /* Base */,
			);
			name = LaunchScreen.storyboard;
			sourceTree = "<group>";
		};
/* End PBXVariantGroup section */

/* Begin XCBuildConfiguration section */
		C77784862A003B1100B4AB8D /* Debug */ = {
			isa = XCBuildConfiguration;
			buildSettings = {
				ALWAYS_SEARCH_USER_PATHS = NO;
				CLANG_ANALYZER_NONNULL = YES;
				CLANG_ANALYZER_NUMBER_OBJECT_CONVERSION = YES_AGGRESSIVE;
				CLANG_CXX_LANGUAGE_STANDARD = "gnu++20";
				CLANG_ENABLE_MODULES = YES;
				CLANG_ENABLE_OBJC_ARC = YES;
				CLANG_ENABLE_OBJC_WEAK = YES;
				CLANG_WARN_BLOCK_CAPTURE_AUTORELEASING = YES;
				CLANG_WARN_BOOL_CONVERSION = YES;
				CLANG_WARN_COMMA = YES;
				CLANG_WARN_CONSTANT_CONVERSION = YES;
				CLANG_WARN_DEPRECATED_OBJC_IMPLEMENTATIONS = YES;
				CLANG_WARN_DIRECT_OBJC_ISA_USAGE = YES_ERROR;
				CLANG_WARN_DOCUMENTATION_COMMENTS = YES;
				CLANG_WARN_EMPTY_BODY = YES;
				CLANG_WARN_ENUM_CONVERSION = YES;
				CLANG_WARN_INFINITE_RECURSION = YES;
				CLANG_WARN_INT_CONVERSION = YES;
				CLANG_WARN_NON_LITERAL_NULL_CONVERSION = YES;
				CLANG_WARN_OBJC_IMPLICIT_RETAIN_SELF = YES;
				CLANG_WARN_OBJC_LITERAL_CONVERSION = YES;
				CLANG_WARN_OBJC_ROOT_CLASS = YES_ERROR;
				CLANG_WARN_QUOTED_INCLUDE_IN_FRAMEWORK_HEADER = YES;
				CLANG_WARN_RANGE_LOOP_ANALYSIS = YES;
				CLANG_WARN_STRICT_PROTOTYPES = YES;
				CLANG_WARN_SUSPICIOUS_MOVE = YES;
				CLANG_WARN_UNGUARDED_AVAILABILITY = YES_AGGRESSIVE;
				CLANG_WARN_UNREACHABLE_CODE = YES;
				CLANG_WARN__DUPLICATE_METHOD_MATCH = YES;
				COPY_PHASE_STRIP = NO;
				DEBUG_INFORMATION_FORMAT = dwarf;
				ENABLE_STRICT_OBJC_MSGSEND = YES;
				ENABLE_TESTABILITY = YES;
				GCC_C_LANGUAGE_STANDARD = gnu11;
				GCC_DYNAMIC_NO_PIC = NO;
				GCC_NO_COMMON_BLOCKS = YES;
				GCC_OPTIMIZATION_LEVEL = 0;
				GCC_PREPROCESSOR_DEFINITIONS = (
					"DEBUG=1",
					"$(inherited)",
				);
				GCC_WARN_64_TO_32_BIT_CONVERSION = YES;
				GCC_WARN_ABOUT_RETURN_TYPE = YES_ERROR;
				GCC_WARN_UNDECLARED_SELECTOR = YES;
				GCC_WARN_UNINITIALIZED_AUTOS = YES_AGGRESSIVE;
				GCC_WARN_UNUSED_FUNCTION = YES;
				GCC_WARN_UNUSED_VARIABLE = YES;
				IPHONEOS_DEPLOYMENT_TARGET = 16.2;
				MTL_ENABLE_DEBUG_INFO = INCLUDE_SOURCE;
				MTL_FAST_MATH = YES;
				ONLY_ACTIVE_ARCH = YES;
				SDKROOT = iphoneos;
				SWIFT_ACTIVE_COMPILATION_CONDITIONS = DEBUG;
				SWIFT_OPTIMIZATION_LEVEL = "-Onone";
			};
			name = Debug;
		};
		C77784872A003B1100B4AB8D /* Release */ = {
			isa = XCBuildConfiguration;
			buildSettings = {
				ALWAYS_SEARCH_USER_PATHS = NO;
				CLANG_ANALYZER_NONNULL = YES;
				CLANG_ANALYZER_NUMBER_OBJECT_CONVERSION = YES_AGGRESSIVE;
				CLANG_CXX_LANGUAGE_STANDARD = "gnu++20";
				CLANG_ENABLE_MODULES = YES;
				CLANG_ENABLE_OBJC_ARC = YES;
				CLANG_ENABLE_OBJC_WEAK = YES;
				CLANG_WARN_BLOCK_CAPTURE_AUTORELEASING = YES;
				CLANG_WARN_BOOL_CONVERSION = YES;
				CLANG_WARN_COMMA = YES;
				CLANG_WARN_CONSTANT_CONVERSION = YES;
				CLANG_WARN_DEPRECATED_OBJC_IMPLEMENTATIONS = YES;
				CLANG_WARN_DIRECT_OBJC_ISA_USAGE = YES_ERROR;
				CLANG_WARN_DOCUMENTATION_COMMENTS = YES;
				CLANG_WARN_EMPTY_BODY = YES;
				CLANG_WARN_ENUM_CONVERSION = YES;
				CLANG_WARN_INFINITE_RECURSION = YES;
				CLANG_WARN_INT_CONVERSION = YES;
				CLANG_WARN_NON_LITERAL_NULL_CONVERSION = YES;
				CLANG_WARN_OBJC_IMPLICIT_RETAIN_SELF = YES;
				CLANG_WARN_OBJC_LITERAL_CONVERSION = YES;
				CLANG_WARN_OBJC_ROOT_CLASS = YES_ERROR;
				CLANG_WARN_QUOTED_INCLUDE_IN_FRAMEWORK_HEADER = YES;
				CLANG_WARN_RANGE_LOOP_ANALYSIS = YES;
				CLANG_WARN_STRICT_PROTOTYPES = YES;
				CLANG_WARN_SUSPICIOUS_MOVE = YES;
				CLANG_WARN_UNGUARDED_AVAILABILITY = YES_AGGRESSIVE;
				CLANG_WARN_UNREACHABLE_CODE = YES;
				CLANG_WARN__DUPLICATE_METHOD_MATCH = YES;
				COPY_PHASE_STRIP = NO;
				DEBUG_INFORMATION_FORMAT = "dwarf-with-dsym";
				ENABLE_NS_ASSERTIONS = NO;
				ENABLE_STRICT_OBJC_MSGSEND = YES;
				GCC_C_LANGUAGE_STANDARD = gnu11;
				GCC_NO_COMMON_BLOCKS = YES;
				GCC_WARN_64_TO_32_BIT_CONVERSION = YES;
				GCC_WARN_ABOUT_RETURN_TYPE = YES_ERROR;
				GCC_WARN_UNDECLARED_SELECTOR = YES;
				GCC_WARN_UNINITIALIZED_AUTOS = YES_AGGRESSIVE;
				GCC_WARN_UNUSED_FUNCTION = YES;
				GCC_WARN_UNUSED_VARIABLE = YES;
				IPHONEOS_DEPLOYMENT_TARGET = 16.2;
				MTL_ENABLE_DEBUG_INFO = NO;
				MTL_FAST_MATH = YES;
				SDKROOT = iphoneos;
				SWIFT_COMPILATION_MODE = wholemodule;
				SWIFT_OPTIMIZATION_LEVEL = "-O";
				VALIDATE_PRODUCT = YES;
			};
			name = Release;
		};
		C77784892A003B1100B4AB8D /* Debug */ = {
			isa = XCBuildConfiguration;
			buildSettings = {
				ASSETCATALOG_COMPILER_APPICON_NAME = AppIcon;
				ASSETCATALOG_COMPILER_GLOBAL_ACCENT_COLOR_NAME = AccentColor;
				CODE_SIGN_STYLE = Automatic;
				CURRENT_PROJECT_VERSION = 1;
				DEVELOPMENT_TEAM = N4RT4KGQK9;
				GENERATE_INFOPLIST_FILE = YES;
				INFOPLIST_FILE = SNAPFIT/Plists/Info.plist;
				INFOPLIST_KEY_UIApplicationSupportsIndirectInputEvents = YES;
				INFOPLIST_KEY_UILaunchStoryboardName = LaunchScreen;
				INFOPLIST_KEY_UIRequiresFullScreen = YES;
				INFOPLIST_KEY_UIStatusBarStyle = UIStatusBarStyleLightContent;
				INFOPLIST_KEY_UISupportedInterfaceOrientations = "UIInterfaceOrientationPortrait UIInterfaceOrientationPortraitUpsideDown";
				INFOPLIST_KEY_UIUserInterfaceStyle = Light;
				IPHONEOS_DEPLOYMENT_TARGET = 16.0;
				LD_RUNPATH_SEARCH_PATHS = (
					"$(inherited)",
					"@executable_path/Frameworks",
				);
				MARKETING_VERSION = 1.0;
				PRODUCT_BUNDLE_IDENTIFIER = madilyn.SNAPFIT.com;
				PRODUCT_NAME = "$(TARGET_NAME)";
				SWIFT_EMIT_LOC_STRINGS = YES;
				SWIFT_VERSION = 5.0;
				TARGETED_DEVICE_FAMILY = "1,2";
			};
			name = Debug;
		};
		C777848A2A003B1100B4AB8D /* Release */ = {
			isa = XCBuildConfiguration;
			buildSettings = {
				ASSETCATALOG_COMPILER_APPICON_NAME = AppIcon;
				ASSETCATALOG_COMPILER_GLOBAL_ACCENT_COLOR_NAME = AccentColor;
				CODE_SIGN_STYLE = Automatic;
				CURRENT_PROJECT_VERSION = 1;
				DEVELOPMENT_TEAM = N4RT4KGQK9;
				GENERATE_INFOPLIST_FILE = YES;
				INFOPLIST_FILE = SNAPFIT/Plists/Info.plist;
				INFOPLIST_KEY_UIApplicationSupportsIndirectInputEvents = YES;
				INFOPLIST_KEY_UILaunchStoryboardName = LaunchScreen;
				INFOPLIST_KEY_UIRequiresFullScreen = YES;
				INFOPLIST_KEY_UIStatusBarStyle = UIStatusBarStyleLightContent;
				INFOPLIST_KEY_UISupportedInterfaceOrientations = "UIInterfaceOrientationPortrait UIInterfaceOrientationPortraitUpsideDown";
				INFOPLIST_KEY_UIUserInterfaceStyle = Light;
				IPHONEOS_DEPLOYMENT_TARGET = 16.0;
				LD_RUNPATH_SEARCH_PATHS = (
					"$(inherited)",
					"@executable_path/Frameworks",
				);
				MARKETING_VERSION = 1.0;
				PRODUCT_BUNDLE_IDENTIFIER = madilyn.SNAPFIT.com;
				PRODUCT_NAME = "$(TARGET_NAME)";
				SWIFT_EMIT_LOC_STRINGS = YES;
				SWIFT_VERSION = 5.0;
				TARGETED_DEVICE_FAMILY = "1,2";
			};
			name = Release;
		};
/* End XCBuildConfiguration section */

/* Begin XCConfigurationList section */
		C777846F2A003B1000B4AB8D /* Build configuration list for PBXProject "SNAPFIT" */ = {
			isa = XCConfigurationList;
			buildConfigurations = (
				C77784862A003B1100B4AB8D /* Debug */,
				C77784872A003B1100B4AB8D /* Release */,
			);
			defaultConfigurationIsVisible = 0;
			defaultConfigurationName = Release;
		};
		C77784882A003B1100B4AB8D /* Build configuration list for PBXNativeTarget "SNAPFIT" */ = {
			isa = XCConfigurationList;
			buildConfigurations = (
				C77784892A003B1100B4AB8D /* Debug */,
				C777848A2A003B1100B4AB8D /* Release */,
			);
			defaultConfigurationIsVisible = 0;
			defaultConfigurationName = Release;
		};
/* End XCConfigurationList section */

/* Begin XCRemoteSwiftPackageReference section */
		6A013C892A08E6EF00DF2FF4 /* XCRemoteSwiftPackageReference "SnapKit" */ = {
			isa = XCRemoteSwiftPackageReference;
			repositoryURL = "https://github.com/SnapKit/SnapKit";
			requirement = {
				kind = upToNextMajorVersion;
				minimumVersion = 5.0.0;
			};
		};
		C7E900362A0BCDD000CC620B /* XCRemoteSwiftPackageReference "Moya" */ = {
			isa = XCRemoteSwiftPackageReference;
			repositoryURL = "https://github.com/Moya/Moya.git";
			requirement = {
				kind = upToNextMajorVersion;
				minimumVersion = 15.0.0;
			};
		};
		C7E900392A0BCE0800CC620B /* XCRemoteSwiftPackageReference "RxSwift" */ = {
			isa = XCRemoteSwiftPackageReference;
			repositoryURL = "https://github.com/ReactiveX/RxSwift.git";
			requirement = {
				kind = upToNextMajorVersion;
				minimumVersion = 6.0.0;
			};
		};
/* End XCRemoteSwiftPackageReference section */

/* Begin XCSwiftPackageProductDependency section */
		6A013C8A2A08E6EF00DF2FF4 /* SnapKit */ = {
			isa = XCSwiftPackageProductDependency;
			package = 6A013C892A08E6EF00DF2FF4 /* XCRemoteSwiftPackageReference "SnapKit" */;
			productName = SnapKit;
		};
		C7E900372A0BCDD000CC620B /* Moya */ = {
			isa = XCSwiftPackageProductDependency;
			package = C7E900362A0BCDD000CC620B /* XCRemoteSwiftPackageReference "Moya" */;
			productName = Moya;
		};
		C7E9003A2A0BCE0800CC620B /* RxCocoa */ = {
			isa = XCSwiftPackageProductDependency;
			package = C7E900392A0BCE0800CC620B /* XCRemoteSwiftPackageReference "RxSwift" */;
			productName = RxCocoa;
		};
		C7E9003C2A0BCE0800CC620B /* RxSwift */ = {
			isa = XCSwiftPackageProductDependency;
			package = C7E900392A0BCE0800CC620B /* XCRemoteSwiftPackageReference "RxSwift" */;
			productName = RxSwift;
		};
/* End XCSwiftPackageProductDependency section */
	};
	rootObject = C777846C2A003B1000B4AB8D /* Project object */;
}
